Microsoft Visual Studio Solution File, Format Version 12.00
# Visual Studio Version 16
VisualStudioVersion = 16.0.0.0
MinimumVisualStudioVersion = 16.0.0.0
Project("{9A19103F-16F7-4668-BE54-9A1E7A4F7556}") = "BeSql", "BeSql\BeSql.csproj", "{70A61623-E458-4864-BEA1-8354E9E1B179}"
EndProject
Project("{9A19103F-16F7-4668-BE54-9A1E7A4F7556}") = "BeSql.Client", "BeSql.Client\BeSql.Client.csproj", "{4B2A6081-BE92-429D-A9E6-AAF29CBB5E29}"
EndProject
Global
	GlobalSection(SolutionConfigurationPlatforms) = preSolution
		Debug|Any CPU = Debug|Any CPU
		Debug|x64 = Debug|x64
		Debug|x86 = Debug|x86
		Release|Any CPU = Release|Any CPU
		Release|x64 = Release|x64
		Release|x86 = Release|x86
	EndGlobalSection
	GlobalSection(ProjectConfigurationPlatforms) = postSolution
		{4B2A6081-BE92-429D-A9E6-AAF29CBB5E29}.Debug|Any CPU.ActiveCfg = Debug|Any CPU
		{4B2A6081-BE92-429D-A9E6-AAF29CBB5E29}.Debug|Any CPU.Build.0 = Debug|Any CPU
		{4B2A6081-BE92-429D-A9E6-AAF29CBB5E29}.Debug|x64.ActiveCfg = Debug|Any CPU
		{4B2A6081-BE92-429D-A9E6-AAF29CBB5E29}.Debug|x64.Build.0 = Debug|Any CPU
		{4B2A6081-BE92-429D-A9E6-AAF29CBB5E29}.Debug|x86.ActiveCfg = Debug|Any CPU
		{4B2A6081-BE92-429D-A9E6-AAF29CBB5E29}.Debug|x86.Build.0 = Debug|Any CPU
		{4B2A6081-BE92-429D-A9E6-AAF29CBB5E29}.Release|Any CPU.ActiveCfg = Release|Any CPU
		{4B2A6081-BE92-429D-A9E6-AAF29CBB5E29}.Release|Any CPU.Build.0 = Release|Any CPU
		{4B2A6081-BE92-429D-A9E6-AAF29CBB5E29}.Release|x64.ActiveCfg = Release|Any CPU
		{4B2A6081-BE92-429D-A9E6-AAF29CBB5E29}.Release|x64.Build.0 = Release|Any CPU
		{4B2A6081-BE92-429D-A9E6-AAF29CBB5E29}.Release|x86.ActiveCfg = Release|Any CPU
		{4B2A6081-BE92-429D-A9E6-AAF29CBB5E29}.Release|x86.Build.0 = Release|Any CPU
		{70A61623-E458-4864-BEA1-8354E9E1B179}.Debug|Any CPU.ActiveCfg = Debug|Any CPU
		{70A61623-E458-4864-BEA1-8354E9E1B179}.Debug|Any CPU.Build.0 = Debug|Any CPU
		{70A61623-E458-4864-BEA1-8354E9E1B179}.Debug|x64.ActiveCfg = Debug|Any CPU
		{70A61623-E458-4864-BEA1-8354E9E1B179}.Debug|x64.Build.0 = Debug|Any CPU
		{70A61623-E458-4864-BEA1-8354E9E1B179}.Debug|x86.ActiveCfg = Debug|Any CPU
		{70A61623-E458-4864-BEA1-8354E9E1B179}.Debug|x86.Build.0 = Debug|Any CPU
		{70A61623-E458-4864-BEA1-8354E9E1B179}.Release|Any CPU.ActiveCfg = Release|Any CPU
		{70A61623-E458-4864-BEA1-8354E9E1B179}.Release|Any CPU.Build.0 = Release|Any CPU
		{70A61623-E458-4864-BEA1-8354E9E1B179}.Release|x64.ActiveCfg = Release|Any CPU
		{70A61623-E458-4864-BEA1-8354E9E1B179}.Release|x64.Build.0 = Release|Any CPU
		{70A61623-E458-4864-BEA1-8354E9E1B179}.Release|x86.ActiveCfg = Release|Any CPU
		{70A61623-E458-4864-BEA1-8354E9E1B179}.Release|x86.Build.0 = Release|Any CPU
	EndGlobalSection
	GlobalSection(SolutionProperties) = preSolution
		HideSolutionNode = FALSE
	EndGlobalSection
	GlobalSection(ExtensibilityGlobals) = postSolution
		SolutionGuid = {42B47D41-B843-452A-88E4-5D16284D9BCA}
	EndGlobalSection
EndGlobal
